
Microsoft Visual Studio Solution File, Format Version 12.00
# Visual Studio Version 17
VisualStudioVersion = 17.11.35222.181
MinimumVisualStudioVersion = 10.0.40219.1
Project("{FAE04EC0-301F-11D3-BF4B-00C04F79EFBC}") = "MultiplybyLength", "MultiplybyLength\MultiplybyLength.csproj", "{7A977607-E422-48CA-A589-D4CEC0267979}"
EndProject
Global
	GlobalSection(SolutionConfigurationPlatforms) = preSolution
		Debug|Any CPU = Debug|Any CPU
		Release|Any CPU = Release|Any CPU
	EndGlobalSection
	GlobalSection(ProjectConfigurationPlatforms) = postSolution
		{7A977607-E422-48CA-A589-D4CEC0267979}.Debug|Any CPU.ActiveCfg = Debug|Any CPU
		{7A977607-E422-48CA-A589-D4CEC0267979}.Debug|Any CPU.Build.0 = Debug|Any CPU
		{7A977607-E422-48CA-A589-D4CEC0267979}.Release|Any CPU.ActiveCfg = Release|Any CPU
		{7A977607-E422-48CA-A589-D4CEC0267979}.Release|Any CPU.Build.0 = Release|Any CPU
	EndGlobalSection
	GlobalSection(SolutionProperties) = preSolution
		HideSolutionNode = FALSE
	EndGlobalSection
	GlobalSection(ExtensibilityGlobals) = postSolution
		SolutionGuid = {71B8C9CD-2DB2-4619-8D5D-269EC59F747B}
	EndGlobalSection
EndGlobal
