
Microsoft Visual Studio Solution File, Format Version 12.00
# Visual Studio Version 17
VisualStudioVersion = 17.11.35222.181
MinimumVisualStudioVersion = 10.0.40219.1
Project("{FAE04EC0-301F-11D3-BF4B-00C04F79EFBC}") = "AddUpNumbers", "AddUpNumbers\AddUpNumbers.csproj", "{755FD0D9-85CB-4F68-9048-C7033DBA50CB}"
EndProject
Global
	GlobalSection(SolutionConfigurationPlatforms) = preSolution
		Debug|Any CPU = Debug|Any CPU
		Release|Any CPU = Release|Any CPU
	EndGlobalSection
	GlobalSection(ProjectConfigurationPlatforms) = postSolution
		{755FD0D9-85CB-4F68-9048-C7033DBA50CB}.Debug|Any CPU.ActiveCfg = Debug|Any CPU
		{755FD0D9-85CB-4F68-9048-C7033DBA50CB}.Debug|Any CPU.Build.0 = Debug|Any CPU
		{755FD0D9-85CB-4F68-9048-C7033DBA50CB}.Release|Any CPU.ActiveCfg = Release|Any CPU
		{755FD0D9-85CB-4F68-9048-C7033DBA50CB}.Release|Any CPU.Build.0 = Release|Any CPU
	EndGlobalSection
	GlobalSection(SolutionProperties) = preSolution
		HideSolutionNode = FALSE
	EndGlobalSection
	GlobalSection(ExtensibilityGlobals) = postSolution
		SolutionGuid = {77BC4051-8207-4125-A1E4-C42B212B2493}
	EndGlobalSection
EndGlobal
