
Microsoft Visual Studio Solution File, Format Version 12.00
# Visual Studio Version 17
VisualStudioVersion = 17.11.35222.181
MinimumVisualStudioVersion = 10.0.40219.1
Project("{FAE04EC0-301F-11D3-BF4B-00C04F79EFBC}") = "ConsoleApp1", "ConsoleApp1\ConsoleApp1.csproj", "{44C63064-7BF8-43AD-B47E-88ACBB36FF4F}"
EndProject
Global
	GlobalSection(SolutionConfigurationPlatforms) = preSolution
		Debug|Any CPU = Debug|Any CPU
		Release|Any CPU = Release|Any CPU
	EndGlobalSection
	GlobalSection(ProjectConfigurationPlatforms) = postSolution
		{44C63064-7BF8-43AD-B47E-88ACBB36FF4F}.Debug|Any CPU.ActiveCfg = Debug|Any CPU
		{44C63064-7BF8-43AD-B47E-88ACBB36FF4F}.Debug|Any CPU.Build.0 = Debug|Any CPU
		{44C63064-7BF8-43AD-B47E-88ACBB36FF4F}.Release|Any CPU.ActiveCfg = Release|Any CPU
		{44C63064-7BF8-43AD-B47E-88ACBB36FF4F}.Release|Any CPU.Build.0 = Release|Any CPU
	EndGlobalSection
	GlobalSection(SolutionProperties) = preSolution
		HideSolutionNode = FALSE
	EndGlobalSection
	GlobalSection(ExtensibilityGlobals) = postSolution
		SolutionGuid = {FB48F0A5-ED46-4B8D-ACB7-C3EAB879DFCA}
	EndGlobalSection
EndGlobal
